// !$*UTF8*$!
{
	archiveVersion = 1;
	classes = {
	};
	objectVersion = 51;
	objects = {

/* Begin PBXBuildFile section */
		381F5FFF2431415100D3FD27 /* MainViewController.swift in Sources */ = {isa = PBXBuildFile; fileRef = 381F5FFE2431415100D3FD27 /* MainViewController.swift */; };
		381F60012431434A00D3FD27 /* NavigationController.swift in Sources */ = {isa = PBXBuildFile; fileRef = 381F60002431434A00D3FD27 /* NavigationController.swift */; };
		381F60032431484900D3FD27 /* ThoughtViewController.swift in Sources */ = {isa = PBXBuildFile; fileRef = 381F60022431484900D3FD27 /* ThoughtViewController.swift */; };
		38C8FECB243127EA00B64979 /* AppDelegate.swift in Sources */ = {isa = PBXBuildFile; fileRef = 38C8FECA243127EA00B64979 /* AppDelegate.swift */; };
		38C8FECD243127EA00B64979 /* SceneDelegate.swift in Sources */ = {isa = PBXBuildFile; fileRef = 38C8FECC243127EA00B64979 /* SceneDelegate.swift */; };
		38C8FED2243127EA00B64979 /* Main.storyboard in Resources */ = {isa = PBXBuildFile; fileRef = 38C8FED0243127EA00B64979 /* Main.storyboard */; };
		38C8FED4243127EC00B64979 /* Assets.xcassets in Resources */ = {isa = PBXBuildFile; fileRef = 38C8FED3243127EC00B64979 /* Assets.xcassets */; };
		38C8FED7243127EC00B64979 /* LaunchScreen.storyboard in Resources */ = {isa = PBXBuildFile; fileRef = 38C8FED5243127EC00B64979 /* LaunchScreen.storyboard */; };
		38C8FEDF2431290200B64979 /* GoogleService-Info.plist in Resources */ = {isa = PBXBuildFile; fileRef = 38C8FEDE2431290200B64979 /* GoogleService-Info.plist */; };
		4850FA8D03E61AA176F4EA65 /* Pods_RNDM.framework in Frameworks */ = {isa = PBXBuildFile; fileRef = 3A4F24448E2B2C1E23D5C9B9 /* Pods_RNDM.framework */; };
/* End PBXBuildFile section */

/* Begin PBXFileReference section */
		381F5FFE2431415100D3FD27 /* MainViewController.swift */ = {isa = PBXFileReference; lastKnownFileType = sourcecode.swift; path = MainViewController.swift; sourceTree = "<group>"; };
		381F60002431434A00D3FD27 /* NavigationController.swift */ = {isa = PBXFileReference; lastKnownFileType = sourcecode.swift; path = NavigationController.swift; sourceTree = "<group>"; };
		381F60022431484900D3FD27 /* ThoughtViewController.swift */ = {isa = PBXFileReference; lastKnownFileType = sourcecode.swift; path = ThoughtViewController.swift; sourceTree = "<group>"; };
		38C8FEC7243127EA00B64979 /* RNDM.app */ = {isa = PBXFileReference; explicitFileType = wrapper.application; includeInIndex = 0; path = RNDM.app; sourceTree = BUILT_PRODUCTS_DIR; };
		38C8FECA243127EA00B64979 /* AppDelegate.swift */ = {isa = PBXFileReference; lastKnownFileType = sourcecode.swift; path = AppDelegate.swift; sourceTree = "<group>"; };
		38C8FECC243127EA00B64979 /* SceneDelegate.swift */ = {isa = PBXFileReference; lastKnownFileType = sourcecode.swift; path = SceneDelegate.swift; sourceTree = "<group>"; };
		38C8FED1243127EA00B64979 /* Base */ = {isa = PBXFileReference; lastKnownFileType = file.storyboard; name = Base; path = Base.lproj/Main.storyboard; sourceTree = "<group>"; };
		38C8FED3243127EC00B64979 /* Assets.xcassets */ = {isa = PBXFileReference; lastKnownFileType = folder.assetcatalog; path = Assets.xcassets; sourceTree = "<group>"; };
		38C8FED6243127EC00B64979 /* Base */ = {isa = PBXFileReference; lastKnownFileType = file.storyboard; name = Base; path = Base.lproj/LaunchScreen.storyboard; sourceTree = "<group>"; };
		38C8FED8243127EC00B64979 /* Info.plist */ = {isa = PBXFileReference; lastKnownFileType = text.plist.xml; path = Info.plist; sourceTree = "<group>"; };
		38C8FEDE2431290200B64979 /* GoogleService-Info.plist */ = {isa = PBXFileReference; fileEncoding = 4; lastKnownFileType = text.plist.xml; path = "GoogleService-Info.plist"; sourceTree = "<group>"; };
		3A4F24448E2B2C1E23D5C9B9 /* Pods_RNDM.framework */ = {isa = PBXFileReference; explicitFileType = wrapper.framework; includeInIndex = 0; path = Pods_RNDM.framework; sourceTree = BUILT_PRODUCTS_DIR; };
		89F27B5E386A473F63BF9A2C /* Pods-RNDM.release.xcconfig */ = {isa = PBXFileReference; includeInIndex = 1; lastKnownFileType = text.xcconfig; name = "Pods-RNDM.release.xcconfig"; path = "Target Support Files/Pods-RNDM/Pods-RNDM.release.xcconfig"; sourceTree = "<group>"; };
		D32178752D81113027C1CABB /* Pods-RNDM.debug.xcconfig */ = {isa = PBXFileReference; includeInIndex = 1; lastKnownFileType = text.xcconfig; name = "Pods-RNDM.debug.xcconfig"; path = "Target Support Files/Pods-RNDM/Pods-RNDM.debug.xcconfig"; sourceTree = "<group>"; };
/* End PBXFileReference section */

/* Begin PBXFrameworksBuildPhase section */
		38C8FEC4243127EA00B64979 /* Frameworks */ = {
			isa = PBXFrameworksBuildPhase;
			buildActionMask = 2147483647;
			files = (
				4850FA8D03E61AA176F4EA65 /* Pods_RNDM.framework in Frameworks */,
			);
			runOnlyForDeploymentPostprocessing = 0;
		};
/* End PBXFrameworksBuildPhase section */

/* Begin PBXGroup section */
		3839F64E24324581008180A3 /* Model */ = {
			isa = PBXGroup;
			children = (
			);
			path = Model;
			sourceTree = "<group>";
		};
		3839F64F24324588008180A3 /* View */ = {
			isa = PBXGroup;
			children = (
			);
			path = View;
			sourceTree = "<group>";
		};
		3839F6502432458E008180A3 /* Controller */ = {
			isa = PBXGroup;
			children = (
				381F60022431484900D3FD27 /* ThoughtViewController.swift */,
				381F5FFE2431415100D3FD27 /* MainViewController.swift */,
			);
			path = Controller;
			sourceTree = "<group>";
		};
		38C8FEBE243127EA00B64979 = {
			isa = PBXGroup;
			children = (
				38C8FEC9243127EA00B64979 /* RNDM */,
				38C8FEC8243127EA00B64979 /* Products */,
				F2FB70FCBBF074222003F551 /* Pods */,
				9828E8F7C5446E03F900FD6F /* Frameworks */,
			);
			sourceTree = "<group>";
		};
		38C8FEC8243127EA00B64979 /* Products */ = {
			isa = PBXGroup;
			children = (
				38C8FEC7243127EA00B64979 /* RNDM.app */,
			);
			name = Products;
			sourceTree = "<group>";
		};
		38C8FEC9243127EA00B64979 /* RNDM */ = {
			isa = PBXGroup;
			children = (
				3839F6502432458E008180A3 /* Controller */,
				3839F64F24324588008180A3 /* View */,
				3839F64E24324581008180A3 /* Model */,
				38C8FECA243127EA00B64979 /* AppDelegate.swift */,
				38C8FECC243127EA00B64979 /* SceneDelegate.swift */,
				38C8FED0243127EA00B64979 /* Main.storyboard */,
				38C8FED3243127EC00B64979 /* Assets.xcassets */,
				38C8FED5243127EC00B64979 /* LaunchScreen.storyboard */,
				38C8FED8243127EC00B64979 /* Info.plist */,
				38C8FEDE2431290200B64979 /* GoogleService-Info.plist */,
				381F60002431434A00D3FD27 /* NavigationController.swift */,
			);
			path = RNDM;
			sourceTree = "<group>";
		};
		9828E8F7C5446E03F900FD6F /* Frameworks */ = {
			isa = PBXGroup;
			children = (
				3A4F24448E2B2C1E23D5C9B9 /* Pods_RNDM.framework */,
			);
			name = Frameworks;
			sourceTree = "<group>";
		};
		F2FB70FCBBF074222003F551 /* Pods */ = {
			isa = PBXGroup;
			children = (
				D32178752D81113027C1CABB /* Pods-RNDM.debug.xcconfig */,
				89F27B5E386A473F63BF9A2C /* Pods-RNDM.release.xcconfig */,
			);
			path = Pods;
			sourceTree = "<group>";
		};
/* End PBXGroup section */

/* Begin PBXNativeTarget section */
		38C8FEC6243127EA00B64979 /* RNDM */ = {
			isa = PBXNativeTarget;
			buildConfigurationList = 38C8FEDB243127EC00B64979 /* Build configuration list for PBXNativeTarget "RNDM" */;
			buildPhases = (
				BC32EE14B42064C12016763C /* [CP] Check Pods Manifest.lock */,
				38C8FEC3243127EA00B64979 /* Sources */,
				38C8FEC4243127EA00B64979 /* Frameworks */,
				38C8FEC5243127EA00B64979 /* Resources */,
				A4B76E6808D4F0EE9888BF92 /* [CP] Embed Pods Frameworks */,
			);
			buildRules = (
			);
			dependencies = (
			);
			name = RNDM;
			productName = RNDM;
			productReference = 38C8FEC7243127EA00B64979 /* RNDM.app */;
			productType = "com.apple.product-type.application";
		};
/* End PBXNativeTarget section */

/* Begin PBXProject section */
		38C8FEBF243127EA00B64979 /* Project object */ = {
			isa = PBXProject;
			attributes = {
				LastSwiftUpdateCheck = 1130;
				LastUpgradeCheck = 1130;
				ORGANIZATIONNAME = "Beliz Yilmaz";
				TargetAttributes = {
					38C8FEC6243127EA00B64979 = {
						CreatedOnToolsVersion = 11.3;
					};
				};
			};
			buildConfigurationList = 38C8FEC2243127EA00B64979 /* Build configuration list for PBXProject "RNDM" */;
			compatibilityVersion = "Xcode 9.3";
			developmentRegion = en;
			hasScannedForEncodings = 0;
			knownRegions = (
				en,
				Base,
			);
			mainGroup = 38C8FEBE243127EA00B64979;
			productRefGroup = 38C8FEC8243127EA00B64979 /* Products */;
			projectDirPath = "";
			projectRoot = "";
			targets = (
				38C8FEC6243127EA00B64979 /* RNDM */,
			);
		};
/* End PBXProject section */

/* Begin PBXResourcesBuildPhase section */
		38C8FEC5243127EA00B64979 /* Resources */ = {
			isa = PBXResourcesBuildPhase;
			buildActionMask = 2147483647;
			files = (
				38C8FED7243127EC00B64979 /* LaunchScreen.storyboard in Resources */,
				38C8FEDF2431290200B64979 /* GoogleService-Info.plist in Resources */,
				38C8FED4243127EC00B64979 /* Assets.xcassets in Resources */,
				38C8FED2243127EA00B64979 /* Main.storyboard in Resources */,
			);
			runOnlyForDeploymentPostprocessing = 0;
		};
/* End PBXResourcesBuildPhase section */

/* Begin PBXShellScriptBuildPhase section */
		A4B76E6808D4F0EE9888BF92 /* [CP] Embed Pods Frameworks */ = {
			isa = PBXShellScriptBuildPhase;
			buildActionMask = 2147483647;
			files = (
			);
			inputFileListPaths = (
				"${PODS_ROOT}/Target Support Files/Pods-RNDM/Pods-RNDM-frameworks-${CONFIGURATION}-input-files.xcfilelist",
			);
			name = "[CP] Embed Pods Frameworks";
			outputFileListPaths = (
				"${PODS_ROOT}/Target Support Files/Pods-RNDM/Pods-RNDM-frameworks-${CONFIGURATION}-output-files.xcfilelist",
			);
			runOnlyForDeploymentPostprocessing = 0;
			shellPath = /bin/sh;
			shellScript = "\"${PODS_ROOT}/Target Support Files/Pods-RNDM/Pods-RNDM-frameworks.sh\"\n";
			showEnvVarsInLog = 0;
		};
		BC32EE14B42064C12016763C /* [CP] Check Pods Manifest.lock */ = {
			isa = PBXShellScriptBuildPhase;
			buildActionMask = 2147483647;
			files = (
			);
			inputFileListPaths = (
			);
			inputPaths = (
				"${PODS_PODFILE_DIR_PATH}/Podfile.lock",
				"${PODS_ROOT}/Manifest.lock",
			);
			name = "[CP] Check Pods Manifest.lock";
			outputFileListPaths = (
			);
			outputPaths = (
				"$(DERIVED_FILE_DIR)/Pods-RNDM-checkManifestLockResult.txt",
			);
			runOnlyForDeploymentPostprocessing = 0;
			shellPath = /bin/sh;
			shellScript = "diff \"${PODS_PODFILE_DIR_PATH}/Podfile.lock\" \"${PODS_ROOT}/Manifest.lock\" > /dev/null\nif [ $? != 0 ] ; then\n    # print error to STDERR\n    echo \"error: The sandbox is not in sync with the Podfile.lock. Run 'pod install' or update your CocoaPods installation.\" >&2\n    exit 1\nfi\n# This output is used by Xcode 'outputs' to avoid re-running this script phase.\necho \"SUCCESS\" > \"${SCRIPT_OUTPUT_FILE_0}\"\n";
			showEnvVarsInLog = 0;
		};
/* End PBXShellScriptBuildPhase section */

/* Begin PBXSourcesBuildPhase section */
		38C8FEC3243127EA00B64979 /* Sources */ = {
			isa = PBXSourcesBuildPhase;
			buildActionMask = 2147483647;
			files = (
				381F60032431484900D3FD27 /* ThoughtViewController.swift in Sources */,
				38C8FECB243127EA00B64979 /* AppDelegate.swift in Sources */,
				381F60012431434A00D3FD27 /* NavigationController.swift in Sources */,
				38C8FECD243127EA00B64979 /* SceneDelegate.swift in Sources */,
				381F5FFF2431415100D3FD27 /* MainViewController.swift in Sources */,
			);
			runOnlyForDeploymentPostprocessing = 0;
		};
/* End PBXSourcesBuildPhase section */

/* Begin PBXVariantGroup section */
		38C8FED0243127EA00B64979 /* Main.storyboard */ = {
			isa = PBXVariantGroup;
			children = (
				38C8FED1243127EA00B64979 /* Base */,
			);
			name = Main.storyboard;
			sourceTree = "<group>";
		};
		38C8FED5243127EC00B64979 /* LaunchScreen.storyboard */ = {
			isa = PBXVariantGroup;
			children = (
				38C8FED6243127EC00B64979 /* Base */,
			);
			name = LaunchScreen.storyboard;
			sourceTree = "<group>";
		};
/* End PBXVariantGroup section */

/* Begin XCBuildConfiguration section */
		38C8FED9243127EC00B64979 /* Debug */ = {
			isa = XCBuildConfiguration;
			buildSettings = {
				ALWAYS_SEARCH_USER_PATHS = NO;
				CLANG_ANALYZER_NONNULL = YES;
				CLANG_ANALYZER_NUMBER_OBJECT_CONVERSION = YES_AGGRESSIVE;
				CLANG_CXX_LANGUAGE_STANDARD = "gnu++14";
				CLANG_CXX_LIBRARY = "libc++";
				CLANG_ENABLE_MODULES = YES;
				CLANG_ENABLE_OBJC_ARC = YES;
				CLANG_ENABLE_OBJC_WEAK = YES;
				CLANG_WARN_BLOCK_CAPTURE_AUTORELEASING = YES;
				CLANG_WARN_BOOL_CONVERSION = YES;
				CLANG_WARN_COMMA = YES;
				CLANG_WARN_CONSTANT_CONVERSION = YES;
				CLANG_WARN_DEPRECATED_OBJC_IMPLEMENTATIONS = YES;
				CLANG_WARN_DIRECT_OBJC_ISA_USAGE = YES_ERROR;
				CLANG_WARN_DOCUMENTATION_COMMENTS = YES;
				CLANG_WARN_EMPTY_BODY = YES;
				CLANG_WARN_ENUM_CONVERSION = YES;
				CLANG_WARN_INFINITE_RECURSION = YES;
				CLANG_WARN_INT_CONVERSION = YES;
				CLANG_WARN_NON_LITERAL_NULL_CONVERSION = YES;
				CLANG_WARN_OBJC_IMPLICIT_RETAIN_SELF = YES;
				CLANG_WARN_OBJC_LITERAL_CONVERSION = YES;
				CLANG_WARN_OBJC_ROOT_CLASS = YES_ERROR;
				CLANG_WARN_RANGE_LOOP_ANALYSIS = YES;
				CLANG_WARN_STRICT_PROTOTYPES = YES;
				CLANG_WARN_SUSPICIOUS_MOVE = YES;
				CLANG_WARN_UNGUARDED_AVAILABILITY = YES_AGGRESSIVE;
				CLANG_WARN_UNREACHABLE_CODE = YES;
				CLANG_WARN__DUPLICATE_METHOD_MATCH = YES;
				COPY_PHASE_STRIP = NO;
				DEBUG_INFORMATION_FORMAT = dwarf;
				ENABLE_STRICT_OBJC_MSGSEND = YES;
				ENABLE_TESTABILITY = YES;
				GCC_C_LANGUAGE_STANDARD = gnu11;
				GCC_DYNAMIC_NO_PIC = NO;
				GCC_NO_COMMON_BLOCKS = YES;
				GCC_OPTIMIZATION_LEVEL = 0;
				GCC_PREPROCESSOR_DEFINITIONS = (
					"DEBUG=1",
					"$(inherited)",
				);
				GCC_WARN_64_TO_32_BIT_CONVERSION = YES;
				GCC_WARN_ABOUT_RETURN_TYPE = YES_ERROR;
				GCC_WARN_UNDECLARED_SELECTOR = YES;
				GCC_WARN_UNINITIALIZED_AUTOS = YES_AGGRESSIVE;
				GCC_WARN_UNUSED_FUNCTION = YES;
				GCC_WARN_UNUSED_VARIABLE = YES;
				IPHONEOS_DEPLOYMENT_TARGET = 13.2;
				MTL_ENABLE_DEBUG_INFO = INCLUDE_SOURCE;
				MTL_FAST_MATH = YES;
				ONLY_ACTIVE_ARCH = YES;
				SDKROOT = iphoneos;
				SWIFT_ACTIVE_COMPILATION_CONDITIONS = DEBUG;
				SWIFT_OPTIMIZATION_LEVEL = "-Onone";
			};
			name = Debug;
		};
		38C8FEDA243127EC00B64979 /* Release */ = {
			isa = XCBuildConfiguration;
			buildSettings = {
				ALWAYS_SEARCH_USER_PATHS = NO;
				CLANG_ANALYZER_NONNULL = YES;
				CLANG_ANALYZER_NUMBER_OBJECT_CONVERSION = YES_AGGRESSIVE;
				CLANG_CXX_LANGUAGE_STANDARD = "gnu++14";
				CLANG_CXX_LIBRARY = "libc++";
				CLANG_ENABLE_MODULES = YES;
				CLANG_ENABLE_OBJC_ARC = YES;
				CLANG_ENABLE_OBJC_WEAK = YES;
				CLANG_WARN_BLOCK_CAPTURE_AUTORELEASING = YES;
				CLANG_WARN_BOOL_CONVERSION = YES;
				CLANG_WARN_COMMA = YES;
				CLANG_WARN_CONSTANT_CONVERSION = YES;
				CLANG_WARN_DEPRECATED_OBJC_IMPLEMENTATIONS = YES;
				CLANG_WARN_DIRECT_OBJC_ISA_USAGE = YES_ERROR;
				CLANG_WARN_DOCUMENTATION_COMMENTS = YES;
				CLANG_WARN_EMPTY_BODY = YES;
				CLANG_WARN_ENUM_CONVERSION = YES;
				CLANG_WARN_INFINITE_RECURSION = YES;
				CLANG_WARN_INT_CONVERSION = YES;
				CLANG_WARN_NON_LITERAL_NULL_CONVERSION = YES;
				CLANG_WARN_OBJC_IMPLICIT_RETAIN_SELF = YES;
				CLANG_WARN_OBJC_LITERAL_CONVERSION = YES;
				CLANG_WARN_OBJC_ROOT_CLASS = YES_ERROR;
				CLANG_WARN_RANGE_LOOP_ANALYSIS = YES;
				CLANG_WARN_STRICT_PROTOTYPES = YES;
				CLANG_WARN_SUSPICIOUS_MOVE = YES;
				CLANG_WARN_UNGUARDED_AVAILABILITY = YES_AGGRESSIVE;
				CLANG_WARN_UNREACHABLE_CODE = YES;
				CLANG_WARN__DUPLICATE_METHOD_MATCH = YES;
				COPY_PHASE_STRIP = NO;
				DEBUG_INFORMATION_FORMAT = "dwarf-with-dsym";
				ENABLE_NS_ASSERTIONS = NO;
				ENABLE_STRICT_OBJC_MSGSEND = YES;
				GCC_C_LANGUAGE_STANDARD = gnu11;
				GCC_NO_COMMON_BLOCKS = YES;
				GCC_WARN_64_TO_32_BIT_CONVERSION = YES;
				GCC_WARN_ABOUT_RETURN_TYPE = YES_ERROR;
				GCC_WARN_UNDECLARED_SELECTOR = YES;
				GCC_WARN_UNINITIALIZED_AUTOS = YES_AGGRESSIVE;
				GCC_WARN_UNUSED_FUNCTION = YES;
				GCC_WARN_UNUSED_VARIABLE = YES;
				IPHONEOS_DEPLOYMENT_TARGET = 13.2;
				MTL_ENABLE_DEBUG_INFO = NO;
				MTL_FAST_MATH = YES;
				SDKROOT = iphoneos;
				SWIFT_COMPILATION_MODE = wholemodule;
				SWIFT_OPTIMIZATION_LEVEL = "-O";
				VALIDATE_PRODUCT = YES;
			};
			name = Release;
		};
		38C8FEDC243127EC00B64979 /* Debug */ = {
			isa = XCBuildConfiguration;
			baseConfigurationReference = D32178752D81113027C1CABB /* Pods-RNDM.debug.xcconfig */;
			buildSettings = {
				ASSETCATALOG_COMPILER_APPICON_NAME = AppIcon;
				CODE_SIGN_STYLE = Automatic;
				DEVELOPMENT_TEAM = N2DRJPYYD9;
				INFOPLIST_FILE = RNDM/Info.plist;
				LD_RUNPATH_SEARCH_PATHS = (
					"$(inherited)",
					"@executable_path/Frameworks",
				);
				PRODUCT_BUNDLE_IDENTIFIER = belizyilmaz.RNDM;
				PRODUCT_NAME = "$(TARGET_NAME)";
				SWIFT_VERSION = 5.0;
				TARGETED_DEVICE_FAMILY = 1;
			};
			name = Debug;
		};
		38C8FEDD243127EC00B64979 /* Release */ = {
			isa = XCBuildConfiguration;
			baseConfigurationReference = 89F27B5E386A473F63BF9A2C /* Pods-RNDM.release.xcconfig */;
			buildSettings = {
				ASSETCATALOG_COMPILER_APPICON_NAME = AppIcon;
				CODE_SIGN_STYLE = Automatic;
				DEVELOPMENT_TEAM = N2DRJPYYD9;
				INFOPLIST_FILE = RNDM/Info.plist;
				LD_RUNPATH_SEARCH_PATHS = (
					"$(inherited)",
					"@executable_path/Frameworks",
				);
				PRODUCT_BUNDLE_IDENTIFIER = belizyilmaz.RNDM;
				PRODUCT_NAME = "$(TARGET_NAME)";
				SWIFT_VERSION = 5.0;
				TARGETED_DEVICE_FAMILY = 1;
			};
			name = Release;
		};
/* End XCBuildConfiguration section */

/* Begin XCConfigurationList section */
		38C8FEC2243127EA00B64979 /* Build configuration list for PBXProject "RNDM" */ = {
			isa = XCConfigurationList;
			buildConfigurations = (
				38C8FED9243127EC00B64979 /* Debug */,
				38C8FEDA243127EC00B64979 /* Release */,
			);
			defaultConfigurationIsVisible = 0;
			defaultConfigurationName = Release;
		};
		38C8FEDB243127EC00B64979 /* Build configuration list for PBXNativeTarget "RNDM" */ = {
			isa = XCConfigurationList;
			buildConfigurations = (
				38C8FEDC243127EC00B64979 /* Debug */,
				38C8FEDD243127EC00B64979 /* Release */,
			);
			defaultConfigurationIsVisible = 0;
			defaultConfigurationName = Release;
		};
/* End XCConfigurationList section */
	};
	rootObject = 38C8FEBF243127EA00B64979 /* Project object */;
}
